
Microsoft Visual Studio Solution File, Format Version 12.00
# Visual Studio Version 16
VisualStudioVersion = 16.0.29709.97
MinimumVisualStudioVersion = 10.0.40219.1
Project("{FAE04EC0-301F-11D3-BF4B-00C04F79EFBC}") = "WindowsFormsApp1", "WindowsFormsApp1\WindowsFormsApp1.csproj", "{D231269D-4FFB-48C6-8E5A-04BBDF498E0A}"
EndProject
Project("{2150E333-8FDC-42A3-9474-1A3956D46DE8}") = "Solution Items", "Solution Items", "{B2688992-B783-4096-9DA3-34494510963B}"
	ProjectSection(SolutionItems) = preProject
		.editorconfig = .editorconfig
	EndProjectSection
EndProject
Global
	GlobalSection(SolutionConfigurationPlatforms) = preSolution
		Debug|Any CPU = Debug|Any CPU
		Release|Any CPU = Release|Any CPU
	EndGlobalSection
	GlobalSection(ProjectConfigurationPlatforms) = postSolution
		{D231269D-4FFB-48C6-8E5A-04BBDF498E0A}.Debug|Any CPU.ActiveCfg = Debug|Any CPU
		{D231269D-4FFB-48C6-8E5A-04BBDF498E0A}.Debug|Any CPU.Build.0 = Debug|Any CPU
		{D231269D-4FFB-48C6-8E5A-04BBDF498E0A}.Release|Any CPU.ActiveCfg = Release|Any CPU
		{D231269D-4FFB-48C6-8E5A-04BBDF498E0A}.Release|Any CPU.Build.0 = Release|Any CPU
	EndGlobalSection
	GlobalSection(SolutionProperties) = preSolution
		HideSolutionNode = FALSE
	EndGlobalSection
	GlobalSection(ExtensibilityGlobals) = postSolution
		SolutionGuid = {164FE4E5-8AA2-4141-B3F7-412AAE145C50}
	EndGlobalSection
EndGlobal
